// !$*UTF8*$!
{
	archiveVersion = 1;
	classes = {
	};
	objectVersion = 50;
	objects = {

/* Begin PBXBuildFile section */
		7FA5426C21EE78D600A2A2D9 /* AppDelegate.swift in Sources */ = {isa = PBXBuildFile; fileRef = 7FA5426B21EE78D600A2A2D9 /* AppDelegate.swift */; };
		7FA5426E21EE78D600A2A2D9 /* ViewController.swift in Sources */ = {isa = PBXBuildFile; fileRef = 7FA5426D21EE78D600A2A2D9 /* ViewController.swift */; };
		7FA5427121EE78D600A2A2D9 /* Main.storyboard in Resources */ = {isa = PBXBuildFile; fileRef = 7FA5426F21EE78D600A2A2D9 /* Main.storyboard */; };
		7FA5427321EE78D700A2A2D9 /* Assets.xcassets in Resources */ = {isa = PBXBuildFile; fileRef = 7FA5427221EE78D700A2A2D9 /* Assets.xcassets */; };
		7FA5427621EE78D700A2A2D9 /* LaunchScreen.storyboard in Resources */ = {isa = PBXBuildFile; fileRef = 7FA5427421EE78D700A2A2D9 /* LaunchScreen.storyboard */; };
		7FA5428D21EE7ACE00A2A2D9 /* FlightInformationProtocol.swift in Sources */ = {isa = PBXBuildFile; fileRef = 7FA5428C21EE7ACE00A2A2D9 /* FlightInformationProtocol.swift */; };
		7FA5428E21EE7ACE00A2A2D9 /* FlightInformationProtocol.swift in Sources */ = {isa = PBXBuildFile; fileRef = 7FA5428C21EE7ACE00A2A2D9 /* FlightInformationProtocol.swift */; };
		7FA5429021EE7BBB00A2A2D9 /* FlightInformationProtocolTests.swift in Sources */ = {isa = PBXBuildFile; fileRef = 7FA5428F21EE7BBB00A2A2D9 /* FlightInformationProtocolTests.swift */; };
		7FA5429321EE7D9A00A2A2D9 /* Flight.swift in Sources */ = {isa = PBXBuildFile; fileRef = 7FA5429221EE7D9A00A2A2D9 /* Flight.swift */; };
		7FA5429421EE7D9A00A2A2D9 /* Flight.swift in Sources */ = {isa = PBXBuildFile; fileRef = 7FA5429221EE7D9A00A2A2D9 /* Flight.swift */; };
		7FA5429621EE7E9B00A2A2D9 /* FlightTests.swift in Sources */ = {isa = PBXBuildFile; fileRef = 7FA5429521EE7E9B00A2A2D9 /* FlightTests.swift */; };
		7FA5429921EE803100A2A2D9 /* FlightsFactory.swift in Sources */ = {isa = PBXBuildFile; fileRef = 7FA5429821EE803100A2A2D9 /* FlightsFactory.swift */; };
		7FA5429A21EE803100A2A2D9 /* FlightsFactory.swift in Sources */ = {isa = PBXBuildFile; fileRef = 7FA5429821EE803100A2A2D9 /* FlightsFactory.swift */; };
		7FA5429C21EE810000A2A2D9 /* FlightsFactoryTests.swift in Sources */ = {isa = PBXBuildFile; fileRef = 7FA5429B21EE810000A2A2D9 /* FlightsFactoryTests.swift */; };
		7FA5429E21EE832400A2A2D9 /* ServicesImplementer.swift in Sources */ = {isa = PBXBuildFile; fileRef = 7FA5429D21EE832400A2A2D9 /* ServicesImplementer.swift */; };
		7FA5429F21EE832400A2A2D9 /* ServicesImplementer.swift in Sources */ = {isa = PBXBuildFile; fileRef = 7FA5429D21EE832400A2A2D9 /* ServicesImplementer.swift */; };
		7FA542A221EE869300A2A2D9 /* ServicesImplementerTests.swift in Sources */ = {isa = PBXBuildFile; fileRef = 7FA542A121EE869300A2A2D9 /* ServicesImplementerTests.swift */; };
		7FA542A621EE8EB600A2A2D9 /* TimeConfiguration.plist in Resources */ = {isa = PBXBuildFile; fileRef = 7FA542A521EE8EB600A2A2D9 /* TimeConfiguration.plist */; };
		7FA542A721EE8EB600A2A2D9 /* TimeConfiguration.plist in Resources */ = {isa = PBXBuildFile; fileRef = 7FA542A521EE8EB600A2A2D9 /* TimeConfiguration.plist */; };
		7FA542A921EE8F7100A2A2D9 /* TimeConfiguration.swift in Sources */ = {isa = PBXBuildFile; fileRef = 7FA542A821EE8F7100A2A2D9 /* TimeConfiguration.swift */; };
		7FA542AA21EE8F7100A2A2D9 /* TimeConfiguration.swift in Sources */ = {isa = PBXBuildFile; fileRef = 7FA542A821EE8F7100A2A2D9 /* TimeConfiguration.swift */; };
/* End PBXBuildFile section */

/* Begin PBXContainerItemProxy section */
		7FA5427D21EE78D800A2A2D9 /* PBXContainerItemProxy */ = {
			isa = PBXContainerItemProxy;
			containerPortal = 7FA5426021EE78D600A2A2D9 /* Project object */;
			proxyType = 1;
			remoteGlobalIDString = 7FA5426721EE78D600A2A2D9;
			remoteInfo = FlightsLocator;
		};
/* End PBXContainerItemProxy section */

/* Begin PBXFileReference section */
		7FA5426821EE78D600A2A2D9 /* FlightsLocator.app */ = {isa = PBXFileReference; explicitFileType = wrapper.application; includeInIndex = 0; path = FlightsLocator.app; sourceTree = BUILT_PRODUCTS_DIR; };
		7FA5426B21EE78D600A2A2D9 /* AppDelegate.swift */ = {isa = PBXFileReference; lastKnownFileType = sourcecode.swift; path = AppDelegate.swift; sourceTree = "<group>"; };
		7FA5426D21EE78D600A2A2D9 /* ViewController.swift */ = {isa = PBXFileReference; lastKnownFileType = sourcecode.swift; path = ViewController.swift; sourceTree = "<group>"; };
		7FA5427021EE78D600A2A2D9 /* Base */ = {isa = PBXFileReference; lastKnownFileType = file.storyboard; name = Base; path = Base.lproj/Main.storyboard; sourceTree = "<group>"; };
		7FA5427221EE78D700A2A2D9 /* Assets.xcassets */ = {isa = PBXFileReference; lastKnownFileType = folder.assetcatalog; path = Assets.xcassets; sourceTree = "<group>"; };
		7FA5427521EE78D700A2A2D9 /* Base */ = {isa = PBXFileReference; lastKnownFileType = file.storyboard; name = Base; path = Base.lproj/LaunchScreen.storyboard; sourceTree = "<group>"; };
		7FA5427721EE78D700A2A2D9 /* Info.plist */ = {isa = PBXFileReference; lastKnownFileType = text.plist.xml; path = Info.plist; sourceTree = "<group>"; };
		7FA5427C21EE78D800A2A2D9 /* FlightsLocatorTests.xctest */ = {isa = PBXFileReference; explicitFileType = wrapper.cfbundle; includeInIndex = 0; path = FlightsLocatorTests.xctest; sourceTree = BUILT_PRODUCTS_DIR; };
		7FA5428221EE78D800A2A2D9 /* Info.plist */ = {isa = PBXFileReference; lastKnownFileType = text.plist.xml; path = Info.plist; sourceTree = "<group>"; };
		7FA5428C21EE7ACE00A2A2D9 /* FlightInformationProtocol.swift */ = {isa = PBXFileReference; lastKnownFileType = sourcecode.swift; path = FlightInformationProtocol.swift; sourceTree = "<group>"; };
		7FA5428F21EE7BBB00A2A2D9 /* FlightInformationProtocolTests.swift */ = {isa = PBXFileReference; lastKnownFileType = sourcecode.swift; path = FlightInformationProtocolTests.swift; sourceTree = "<group>"; };
		7FA5429221EE7D9A00A2A2D9 /* Flight.swift */ = {isa = PBXFileReference; lastKnownFileType = sourcecode.swift; path = Flight.swift; sourceTree = "<group>"; };
		7FA5429521EE7E9B00A2A2D9 /* FlightTests.swift */ = {isa = PBXFileReference; lastKnownFileType = sourcecode.swift; path = FlightTests.swift; sourceTree = "<group>"; };
		7FA5429821EE803100A2A2D9 /* FlightsFactory.swift */ = {isa = PBXFileReference; lastKnownFileType = sourcecode.swift; path = FlightsFactory.swift; sourceTree = "<group>"; };
		7FA5429B21EE810000A2A2D9 /* FlightsFactoryTests.swift */ = {isa = PBXFileReference; lastKnownFileType = sourcecode.swift; path = FlightsFactoryTests.swift; sourceTree = "<group>"; };
		7FA5429D21EE832400A2A2D9 /* ServicesImplementer.swift */ = {isa = PBXFileReference; lastKnownFileType = sourcecode.swift; path = ServicesImplementer.swift; sourceTree = "<group>"; };
		7FA542A121EE869300A2A2D9 /* ServicesImplementerTests.swift */ = {isa = PBXFileReference; lastKnownFileType = sourcecode.swift; path = ServicesImplementerTests.swift; sourceTree = "<group>"; };
		7FA542A521EE8EB600A2A2D9 /* TimeConfiguration.plist */ = {isa = PBXFileReference; lastKnownFileType = text.plist.xml; path = TimeConfiguration.plist; sourceTree = "<group>"; };
		7FA542A821EE8F7100A2A2D9 /* TimeConfiguration.swift */ = {isa = PBXFileReference; lastKnownFileType = sourcecode.swift; path = TimeConfiguration.swift; sourceTree = "<group>"; };
/* End PBXFileReference section */

/* Begin PBXFrameworksBuildPhase section */
		7FA5426521EE78D600A2A2D9 /* Frameworks */ = {
			isa = PBXFrameworksBuildPhase;
			buildActionMask = 2147483647;
			files = (
			);
			runOnlyForDeploymentPostprocessing = 0;
		};
		7FA5427921EE78D800A2A2D9 /* Frameworks */ = {
			isa = PBXFrameworksBuildPhase;
			buildActionMask = 2147483647;
			files = (
			);
			runOnlyForDeploymentPostprocessing = 0;
		};
/* End PBXFrameworksBuildPhase section */

/* Begin PBXGroup section */
		7FA5425F21EE78D600A2A2D9 = {
			isa = PBXGroup;
			children = (
				7FA5426A21EE78D600A2A2D9 /* FlightsLocator */,
				7FA5427F21EE78D800A2A2D9 /* FlightsLocatorTests */,
				7FA5426921EE78D600A2A2D9 /* Products */,
			);
			sourceTree = "<group>";
		};
		7FA5426921EE78D600A2A2D9 /* Products */ = {
			isa = PBXGroup;
			children = (
				7FA5426821EE78D600A2A2D9 /* FlightsLocator.app */,
				7FA5427C21EE78D800A2A2D9 /* FlightsLocatorTests.xctest */,
			);
			name = Products;
			sourceTree = "<group>";
		};
		7FA5426A21EE78D600A2A2D9 /* FlightsLocator */ = {
			isa = PBXGroup;
			children = (
				7FA542A421EE8E9700A2A2D9 /* Configuration */,
				7FA542A321EE8E8E00A2A2D9 /* Utilities */,
				7FA542A021EE832900A2A2D9 /* Services */,
				7FA5429721EE801900A2A2D9 /* Creational */,
				7FA5429121EE7D6500A2A2D9 /* Models */,
				7FA5428B21EE7AB000A2A2D9 /* Protocols */,
				7FA5426B21EE78D600A2A2D9 /* AppDelegate.swift */,
				7FA5426D21EE78D600A2A2D9 /* ViewController.swift */,
				7FA5426F21EE78D600A2A2D9 /* Main.storyboard */,
				7FA5427221EE78D700A2A2D9 /* Assets.xcassets */,
				7FA5427421EE78D700A2A2D9 /* LaunchScreen.storyboard */,
				7FA5427721EE78D700A2A2D9 /* Info.plist */,
			);
			path = FlightsLocator;
			sourceTree = "<group>";
		};
		7FA5427F21EE78D800A2A2D9 /* FlightsLocatorTests */ = {
			isa = PBXGroup;
			children = (
				7FA5428221EE78D800A2A2D9 /* Info.plist */,
				7FA5428F21EE7BBB00A2A2D9 /* FlightInformationProtocolTests.swift */,
				7FA5429521EE7E9B00A2A2D9 /* FlightTests.swift */,
				7FA5429B21EE810000A2A2D9 /* FlightsFactoryTests.swift */,
				7FA542A121EE869300A2A2D9 /* ServicesImplementerTests.swift */,
			);
			path = FlightsLocatorTests;
			sourceTree = "<group>";
		};
		7FA5428B21EE7AB000A2A2D9 /* Protocols */ = {
			isa = PBXGroup;
			children = (
				7FA5428C21EE7ACE00A2A2D9 /* FlightInformationProtocol.swift */,
			);
			path = Protocols;
			sourceTree = "<group>";
		};
		7FA5429121EE7D6500A2A2D9 /* Models */ = {
			isa = PBXGroup;
			children = (
				7FA5429221EE7D9A00A2A2D9 /* Flight.swift */,
			);
			path = Models;
			sourceTree = "<group>";
		};
		7FA5429721EE801900A2A2D9 /* Creational */ = {
			isa = PBXGroup;
			children = (
				7FA5429821EE803100A2A2D9 /* FlightsFactory.swift */,
			);
			path = Creational;
			sourceTree = "<group>";
		};
		7FA542A021EE832900A2A2D9 /* Services */ = {
			isa = PBXGroup;
			children = (
				7FA5429D21EE832400A2A2D9 /* ServicesImplementer.swift */,
			);
			path = Services;
			sourceTree = "<group>";
		};
		7FA542A321EE8E8E00A2A2D9 /* Utilities */ = {
			isa = PBXGroup;
			children = (
				7FA542A821EE8F7100A2A2D9 /* TimeConfiguration.swift */,
			);
			path = Utilities;
			sourceTree = "<group>";
		};
		7FA542A421EE8E9700A2A2D9 /* Configuration */ = {
			isa = PBXGroup;
			children = (
				7FA542A521EE8EB600A2A2D9 /* TimeConfiguration.plist */,
			);
			path = Configuration;
			sourceTree = "<group>";
		};
/* End PBXGroup section */

/* Begin PBXNativeTarget section */
		7FA5426721EE78D600A2A2D9 /* FlightsLocator */ = {
			isa = PBXNativeTarget;
			buildConfigurationList = 7FA5428521EE78D800A2A2D9 /* Build configuration list for PBXNativeTarget "FlightsLocator" */;
			buildPhases = (
				7FA5426421EE78D600A2A2D9 /* Sources */,
				7FA5426521EE78D600A2A2D9 /* Frameworks */,
				7FA5426621EE78D600A2A2D9 /* Resources */,
			);
			buildRules = (
			);
			dependencies = (
			);
			name = FlightsLocator;
			productName = FlightsLocator;
			productReference = 7FA5426821EE78D600A2A2D9 /* FlightsLocator.app */;
			productType = "com.apple.product-type.application";
		};
		7FA5427B21EE78D800A2A2D9 /* FlightsLocatorTests */ = {
			isa = PBXNativeTarget;
			buildConfigurationList = 7FA5428821EE78D800A2A2D9 /* Build configuration list for PBXNativeTarget "FlightsLocatorTests" */;
			buildPhases = (
				7FA5427821EE78D800A2A2D9 /* Sources */,
				7FA5427921EE78D800A2A2D9 /* Frameworks */,
				7FA5427A21EE78D800A2A2D9 /* Resources */,
			);
			buildRules = (
			);
			dependencies = (
				7FA5427E21EE78D800A2A2D9 /* PBXTargetDependency */,
			);
			name = FlightsLocatorTests;
			productName = FlightsLocatorTests;
			productReference = 7FA5427C21EE78D800A2A2D9 /* FlightsLocatorTests.xctest */;
			productType = "com.apple.product-type.bundle.unit-test";
		};
/* End PBXNativeTarget section */

/* Begin PBXProject section */
		7FA5426021EE78D600A2A2D9 /* Project object */ = {
			isa = PBXProject;
			attributes = {
				LastSwiftUpdateCheck = 1000;
				LastUpgradeCheck = 1000;
				ORGANIZATIONNAME = "Marcos Garcia";
				TargetAttributes = {
					7FA5426721EE78D600A2A2D9 = {
						CreatedOnToolsVersion = 10.0;
					};
					7FA5427B21EE78D800A2A2D9 = {
						CreatedOnToolsVersion = 10.0;
						TestTargetID = 7FA5426721EE78D600A2A2D9;
					};
				};
			};
			buildConfigurationList = 7FA5426321EE78D600A2A2D9 /* Build configuration list for PBXProject "FlightsLocator" */;
			compatibilityVersion = "Xcode 9.3";
			developmentRegion = en;
			hasScannedForEncodings = 0;
			knownRegions = (
				en,
				Base,
			);
			mainGroup = 7FA5425F21EE78D600A2A2D9;
			productRefGroup = 7FA5426921EE78D600A2A2D9 /* Products */;
			projectDirPath = "";
			projectRoot = "";
			targets = (
				7FA5426721EE78D600A2A2D9 /* FlightsLocator */,
				7FA5427B21EE78D800A2A2D9 /* FlightsLocatorTests */,
			);
		};
/* End PBXProject section */

/* Begin PBXResourcesBuildPhase section */
		7FA5426621EE78D600A2A2D9 /* Resources */ = {
			isa = PBXResourcesBuildPhase;
			buildActionMask = 2147483647;
			files = (
				7FA542A621EE8EB600A2A2D9 /* TimeConfiguration.plist in Resources */,
				7FA5427621EE78D700A2A2D9 /* LaunchScreen.storyboard in Resources */,
				7FA5427321EE78D700A2A2D9 /* Assets.xcassets in Resources */,
				7FA5427121EE78D600A2A2D9 /* Main.storyboard in Resources */,
			);
			runOnlyForDeploymentPostprocessing = 0;
		};
		7FA5427A21EE78D800A2A2D9 /* Resources */ = {
			isa = PBXResourcesBuildPhase;
			buildActionMask = 2147483647;
			files = (
				7FA542A721EE8EB600A2A2D9 /* TimeConfiguration.plist in Resources */,
			);
			runOnlyForDeploymentPostprocessing = 0;
		};
/* End PBXResourcesBuildPhase section */

/* Begin PBXSourcesBuildPhase section */
		7FA5426421EE78D600A2A2D9 /* Sources */ = {
			isa = PBXSourcesBuildPhase;
			buildActionMask = 2147483647;
			files = (
				7FA5429E21EE832400A2A2D9 /* ServicesImplementer.swift in Sources */,
				7FA542A921EE8F7100A2A2D9 /* TimeConfiguration.swift in Sources */,
				7FA5428D21EE7ACE00A2A2D9 /* FlightInformationProtocol.swift in Sources */,
				7FA5429321EE7D9A00A2A2D9 /* Flight.swift in Sources */,
				7FA5429921EE803100A2A2D9 /* FlightsFactory.swift in Sources */,
				7FA5426E21EE78D600A2A2D9 /* ViewController.swift in Sources */,
				7FA5426C21EE78D600A2A2D9 /* AppDelegate.swift in Sources */,
			);
			runOnlyForDeploymentPostprocessing = 0;
		};
		7FA5427821EE78D800A2A2D9 /* Sources */ = {
			isa = PBXSourcesBuildPhase;
			buildActionMask = 2147483647;
			files = (
				7FA5429C21EE810000A2A2D9 /* FlightsFactoryTests.swift in Sources */,
				7FA5429421EE7D9A00A2A2D9 /* Flight.swift in Sources */,
				7FA542A221EE869300A2A2D9 /* ServicesImplementerTests.swift in Sources */,
				7FA5429F21EE832400A2A2D9 /* ServicesImplementer.swift in Sources */,
				7FA542AA21EE8F7100A2A2D9 /* TimeConfiguration.swift in Sources */,
				7FA5429621EE7E9B00A2A2D9 /* FlightTests.swift in Sources */,
				7FA5429A21EE803100A2A2D9 /* FlightsFactory.swift in Sources */,
				7FA5429021EE7BBB00A2A2D9 /* FlightInformationProtocolTests.swift in Sources */,
				7FA5428E21EE7ACE00A2A2D9 /* FlightInformationProtocol.swift in Sources */,
			);
			runOnlyForDeploymentPostprocessing = 0;
		};
/* End PBXSourcesBuildPhase section */

/* Begin PBXTargetDependency section */
		7FA5427E21EE78D800A2A2D9 /* PBXTargetDependency */ = {
			isa = PBXTargetDependency;
			target = 7FA5426721EE78D600A2A2D9 /* FlightsLocator */;
			targetProxy = 7FA5427D21EE78D800A2A2D9 /* PBXContainerItemProxy */;
		};
/* End PBXTargetDependency section */

/* Begin PBXVariantGroup section */
		7FA5426F21EE78D600A2A2D9 /* Main.storyboard */ = {
			isa = PBXVariantGroup;
			children = (
				7FA5427021EE78D600A2A2D9 /* Base */,
			);
			name = Main.storyboard;
			sourceTree = "<group>";
		};
		7FA5427421EE78D700A2A2D9 /* LaunchScreen.storyboard */ = {
			isa = PBXVariantGroup;
			children = (
				7FA5427521EE78D700A2A2D9 /* Base */,
			);
			name = LaunchScreen.storyboard;
			sourceTree = "<group>";
		};
/* End PBXVariantGroup section */

/* Begin XCBuildConfiguration section */
		7FA5428321EE78D800A2A2D9 /* Debug */ = {
			isa = XCBuildConfiguration;
			buildSettings = {
				ALWAYS_SEARCH_USER_PATHS = NO;
				CLANG_ANALYZER_NONNULL = YES;
				CLANG_ANALYZER_NUMBER_OBJECT_CONVERSION = YES_AGGRESSIVE;
				CLANG_CXX_LANGUAGE_STANDARD = "gnu++14";
				CLANG_CXX_LIBRARY = "libc++";
				CLANG_ENABLE_MODULES = YES;
				CLANG_ENABLE_OBJC_ARC = YES;
				CLANG_ENABLE_OBJC_WEAK = YES;
				CLANG_WARN_BLOCK_CAPTURE_AUTORELEASING = YES;
				CLANG_WARN_BOOL_CONVERSION = YES;
				CLANG_WARN_COMMA = YES;
				CLANG_WARN_CONSTANT_CONVERSION = YES;
				CLANG_WARN_DEPRECATED_OBJC_IMPLEMENTATIONS = YES;
				CLANG_WARN_DIRECT_OBJC_ISA_USAGE = YES_ERROR;
				CLANG_WARN_DOCUMENTATION_COMMENTS = YES;
				CLANG_WARN_EMPTY_BODY = YES;
				CLANG_WARN_ENUM_CONVERSION = YES;
				CLANG_WARN_INFINITE_RECURSION = YES;
				CLANG_WARN_INT_CONVERSION = YES;
				CLANG_WARN_NON_LITERAL_NULL_CONVERSION = YES;
				CLANG_WARN_OBJC_IMPLICIT_RETAIN_SELF = YES;
				CLANG_WARN_OBJC_LITERAL_CONVERSION = YES;
				CLANG_WARN_OBJC_ROOT_CLASS = YES_ERROR;
				CLANG_WARN_RANGE_LOOP_ANALYSIS = YES;
				CLANG_WARN_STRICT_PROTOTYPES = YES;
				CLANG_WARN_SUSPICIOUS_MOVE = YES;
				CLANG_WARN_UNGUARDED_AVAILABILITY = YES_AGGRESSIVE;
				CLANG_WARN_UNREACHABLE_CODE = YES;
				CLANG_WARN__DUPLICATE_METHOD_MATCH = YES;
				CODE_SIGN_IDENTITY = "iPhone Developer";
				COPY_PHASE_STRIP = NO;
				DEBUG_INFORMATION_FORMAT = dwarf;
				ENABLE_STRICT_OBJC_MSGSEND = YES;
				ENABLE_TESTABILITY = YES;
				GCC_C_LANGUAGE_STANDARD = gnu11;
				GCC_DYNAMIC_NO_PIC = NO;
				GCC_NO_COMMON_BLOCKS = YES;
				GCC_OPTIMIZATION_LEVEL = 0;
				GCC_PREPROCESSOR_DEFINITIONS = (
					"DEBUG=1",
					"$(inherited)",
				);
				GCC_WARN_64_TO_32_BIT_CONVERSION = YES;
				GCC_WARN_ABOUT_RETURN_TYPE = YES_ERROR;
				GCC_WARN_UNDECLARED_SELECTOR = YES;
				GCC_WARN_UNINITIALIZED_AUTOS = YES_AGGRESSIVE;
				GCC_WARN_UNUSED_FUNCTION = YES;
				GCC_WARN_UNUSED_VARIABLE = YES;
				IPHONEOS_DEPLOYMENT_TARGET = 12.0;
				MTL_ENABLE_DEBUG_INFO = INCLUDE_SOURCE;
				MTL_FAST_MATH = YES;
				ONLY_ACTIVE_ARCH = YES;
				SDKROOT = iphoneos;
				SWIFT_ACTIVE_COMPILATION_CONDITIONS = DEBUG;
				SWIFT_OPTIMIZATION_LEVEL = "-Onone";
			};
			name = Debug;
		};
		7FA5428421EE78D800A2A2D9 /* Release */ = {
			isa = XCBuildConfiguration;
			buildSettings = {
				ALWAYS_SEARCH_USER_PATHS = NO;
				CLANG_ANALYZER_NONNULL = YES;
				CLANG_ANALYZER_NUMBER_OBJECT_CONVERSION = YES_AGGRESSIVE;
				CLANG_CXX_LANGUAGE_STANDARD = "gnu++14";
				CLANG_CXX_LIBRARY = "libc++";
				CLANG_ENABLE_MODULES = YES;
				CLANG_ENABLE_OBJC_ARC = YES;
				CLANG_ENABLE_OBJC_WEAK = YES;
				CLANG_WARN_BLOCK_CAPTURE_AUTORELEASING = YES;
				CLANG_WARN_BOOL_CONVERSION = YES;
				CLANG_WARN_COMMA = YES;
				CLANG_WARN_CONSTANT_CONVERSION = YES;
				CLANG_WARN_DEPRECATED_OBJC_IMPLEMENTATIONS = YES;
				CLANG_WARN_DIRECT_OBJC_ISA_USAGE = YES_ERROR;
				CLANG_WARN_DOCUMENTATION_COMMENTS = YES;
				CLANG_WARN_EMPTY_BODY = YES;
				CLANG_WARN_ENUM_CONVERSION = YES;
				CLANG_WARN_INFINITE_RECURSION = YES;
				CLANG_WARN_INT_CONVERSION = YES;
				CLANG_WARN_NON_LITERAL_NULL_CONVERSION = YES;
				CLANG_WARN_OBJC_IMPLICIT_RETAIN_SELF = YES;
				CLANG_WARN_OBJC_LITERAL_CONVERSION = YES;
				CLANG_WARN_OBJC_ROOT_CLASS = YES_ERROR;
				CLANG_WARN_RANGE_LOOP_ANALYSIS = YES;
				CLANG_WARN_STRICT_PROTOTYPES = YES;
				CLANG_WARN_SUSPICIOUS_MOVE = YES;
				CLANG_WARN_UNGUARDED_AVAILABILITY = YES_AGGRESSIVE;
				CLANG_WARN_UNREACHABLE_CODE = YES;
				CLANG_WARN__DUPLICATE_METHOD_MATCH = YES;
				CODE_SIGN_IDENTITY = "iPhone Developer";
				COPY_PHASE_STRIP = NO;
				DEBUG_INFORMATION_FORMAT = "dwarf-with-dsym";
				ENABLE_NS_ASSERTIONS = NO;
				ENABLE_STRICT_OBJC_MSGSEND = YES;
				GCC_C_LANGUAGE_STANDARD = gnu11;
				GCC_NO_COMMON_BLOCKS = YES;
				GCC_WARN_64_TO_32_BIT_CONVERSION = YES;
				GCC_WARN_ABOUT_RETURN_TYPE = YES_ERROR;
				GCC_WARN_UNDECLARED_SELECTOR = YES;
				GCC_WARN_UNINITIALIZED_AUTOS = YES_AGGRESSIVE;
				GCC_WARN_UNUSED_FUNCTION = YES;
				GCC_WARN_UNUSED_VARIABLE = YES;
				IPHONEOS_DEPLOYMENT_TARGET = 12.0;
				MTL_ENABLE_DEBUG_INFO = NO;
				MTL_FAST_MATH = YES;
				SDKROOT = iphoneos;
				SWIFT_COMPILATION_MODE = wholemodule;
				SWIFT_OPTIMIZATION_LEVEL = "-O";
				VALIDATE_PRODUCT = YES;
			};
			name = Release;
		};
		7FA5428621EE78D800A2A2D9 /* Debug */ = {
			isa = XCBuildConfiguration;
			buildSettings = {
				ASSETCATALOG_COMPILER_APPICON_NAME = AppIcon;
				CODE_SIGN_STYLE = Automatic;
				DEVELOPMENT_TEAM = YXC4836V89;
				INFOPLIST_FILE = FlightsLocator/Info.plist;
				LD_RUNPATH_SEARCH_PATHS = (
					"$(inherited)",
					"@executable_path/Frameworks",
				);
				PRODUCT_BUNDLE_IDENTIFIER = com.marcosgn1.FlightsLocator;
				PRODUCT_NAME = "$(TARGET_NAME)";
				SWIFT_VERSION = 4.2;
				TARGETED_DEVICE_FAMILY = "1,2";
			};
			name = Debug;
		};
		7FA5428721EE78D800A2A2D9 /* Release */ = {
			isa = XCBuildConfiguration;
			buildSettings = {
				ASSETCATALOG_COMPILER_APPICON_NAME = AppIcon;
				CODE_SIGN_STYLE = Automatic;
				DEVELOPMENT_TEAM = YXC4836V89;
				INFOPLIST_FILE = FlightsLocator/Info.plist;
				LD_RUNPATH_SEARCH_PATHS = (
					"$(inherited)",
					"@executable_path/Frameworks",
				);
				PRODUCT_BUNDLE_IDENTIFIER = com.marcosgn1.FlightsLocator;
				PRODUCT_NAME = "$(TARGET_NAME)";
				SWIFT_VERSION = 4.2;
				TARGETED_DEVICE_FAMILY = "1,2";
			};
			name = Release;
		};
		7FA5428921EE78D800A2A2D9 /* Debug */ = {
			isa = XCBuildConfiguration;
			buildSettings = {
				ALWAYS_EMBED_SWIFT_STANDARD_LIBRARIES = YES;
				BUNDLE_LOADER = "$(TEST_HOST)";
				CODE_SIGN_STYLE = Automatic;
				DEVELOPMENT_TEAM = YXC4836V89;
				INFOPLIST_FILE = FlightsLocatorTests/Info.plist;
				LD_RUNPATH_SEARCH_PATHS = (
					"$(inherited)",
					"@executable_path/Frameworks",
					"@loader_path/Frameworks",
				);
				PRODUCT_BUNDLE_IDENTIFIER = com.marcosgn1.FlightsLocatorTests;
				PRODUCT_NAME = "$(TARGET_NAME)";
				SWIFT_VERSION = 4.2;
				TARGETED_DEVICE_FAMILY = "1,2";
				TEST_HOST = "$(BUILT_PRODUCTS_DIR)/FlightsLocator.app/FlightsLocator";
			};
			name = Debug;
		};
		7FA5428A21EE78D800A2A2D9 /* Release */ = {
			isa = XCBuildConfiguration;
			buildSettings = {
				ALWAYS_EMBED_SWIFT_STANDARD_LIBRARIES = YES;
				BUNDLE_LOADER = "$(TEST_HOST)";
				CODE_SIGN_STYLE = Automatic;
				DEVELOPMENT_TEAM = YXC4836V89;
				INFOPLIST_FILE = FlightsLocatorTests/Info.plist;
				LD_RUNPATH_SEARCH_PATHS = (
					"$(inherited)",
					"@executable_path/Frameworks",
					"@loader_path/Frameworks",
				);
				PRODUCT_BUNDLE_IDENTIFIER = com.marcosgn1.FlightsLocatorTests;
				PRODUCT_NAME = "$(TARGET_NAME)";
				SWIFT_VERSION = 4.2;
				TARGETED_DEVICE_FAMILY = "1,2";
				TEST_HOST = "$(BUILT_PRODUCTS_DIR)/FlightsLocator.app/FlightsLocator";
			};
			name = Release;
		};
/* End XCBuildConfiguration section */

/* Begin XCConfigurationList section */
		7FA5426321EE78D600A2A2D9 /* Build configuration list for PBXProject "FlightsLocator" */ = {
			isa = XCConfigurationList;
			buildConfigurations = (
				7FA5428321EE78D800A2A2D9 /* Debug */,
				7FA5428421EE78D800A2A2D9 /* Release */,
			);
			defaultConfigurationIsVisible = 0;
			defaultConfigurationName = Release;
		};
		7FA5428521EE78D800A2A2D9 /* Build configuration list for PBXNativeTarget "FlightsLocator" */ = {
			isa = XCConfigurationList;
			buildConfigurations = (
				7FA5428621EE78D800A2A2D9 /* Debug */,
				7FA5428721EE78D800A2A2D9 /* Release */,
			);
			defaultConfigurationIsVisible = 0;
			defaultConfigurationName = Release;
		};
		7FA5428821EE78D800A2A2D9 /* Build configuration list for PBXNativeTarget "FlightsLocatorTests" */ = {
			isa = XCConfigurationList;
			buildConfigurations = (
				7FA5428921EE78D800A2A2D9 /* Debug */,
				7FA5428A21EE78D800A2A2D9 /* Release */,
			);
			defaultConfigurationIsVisible = 0;
			defaultConfigurationName = Release;
		};
/* End XCConfigurationList section */
	};
	rootObject = 7FA5426021EE78D600A2A2D9 /* Project object */;
}
